// !$*UTF8*$!
{
	archiveVersion = 1;
	classes = {
	};
	objectVersion = 46;
	objects = {

/* Begin PBXBuildFile section */
		6229DFFC1726698B000A7E19 /* 2.mp4 in Resources */ = {isa = PBXBuildFile; fileRef = 6229DFFB1726698B000A7E19 /* 2.mp4 */; };
		62301AE9171E79540017AE20 /* 1.mp4 in Resources */ = {isa = PBXBuildFile; fileRef = 62301AE8171E79540017AE20 /* 1.mp4 */; };
		62301AEB171E7FF30017AE20 /* libavcodec.a in Frameworks */ = {isa = PBXBuildFile; fileRef = 62301AEA171E7FF30017AE20 /* libavcodec.a */; };
		62301AED171E7FFE0017AE20 /* libavdevice.a in Frameworks */ = {isa = PBXBuildFile; fileRef = 62301AEC171E7FFE0017AE20 /* libavdevice.a */; };
		62301AEF171E802D0017AE20 /* libavformat.a in Frameworks */ = {isa = PBXBuildFile; fileRef = 62301AEE171E802D0017AE20 /* libavformat.a */; };
		62301AF1171E80600017AE20 /* libavutil.a in Frameworks */ = {isa = PBXBuildFile; fileRef = 62301AF0171E80600017AE20 /* libavutil.a */; };
		62301AF3171E806C0017AE20 /* libswresample.a in Frameworks */ = {isa = PBXBuildFile; fileRef = 62301AF2171E806C0017AE20 /* libswresample.a */; };
		62301AF5171E80780017AE20 /* libswscale.a in Frameworks */ = {isa = PBXBuildFile; fileRef = 62301AF4171E80780017AE20 /* libswscale.a */; };
		62301AF7171E80D60017AE20 /* libavfilter.a in Frameworks */ = {isa = PBXBuildFile; fileRef = 62301AF6171E80D60017AE20 /* libavfilter.a */; };
		6251FF491715296D00AED4EA /* KxMovieGLView.m in Sources */ = {isa = PBXBuildFile; fileRef = 6251FF481715296D00AED4EA /* KxMovieGLView.m */; };
		6251FF4C17152D8800AED4EA /* KxMovieDecoder.m in Sources */ = {isa = PBXBuildFile; fileRef = 6251FF4B17152D8800AED4EA /* KxMovieDecoder.m */; };
		62B259D2167AD2AD00594873 /* FSFFPLAYViewController.m in Sources */ = {isa = PBXBuildFile; fileRef = 62B259D0167AD2AD00594873 /* FSFFPLAYViewController.m */; };
		62B25A11167B1D6B00594873 /* FSFFPLAYVideoPlayAppDelegate.m in Sources */ = {isa = PBXBuildFile; fileRef = 62B25A0E167B1D6B00594873 /* FSFFPLAYVideoPlayAppDelegate.m */; };
		62C3EF6216795CCD00F416E6 /* UIKit.framework in Frameworks */ = {isa = PBXBuildFile; fileRef = 62C3EF6116795CCD00F416E6 /* UIKit.framework */; };
		62C3EF6416795CCD00F416E6 /* Foundation.framework in Frameworks */ = {isa = PBXBuildFile; fileRef = 62C3EF6316795CCD00F416E6 /* Foundation.framework */; };
		62C3EF6616795CCD00F416E6 /* CoreGraphics.framework in Frameworks */ = {isa = PBXBuildFile; fileRef = 62C3EF6516795CCD00F416E6 /* CoreGraphics.framework */; };
		62C3EF6C16795CCD00F416E6 /* InfoPlist.strings in Resources */ = {isa = PBXBuildFile; fileRef = 62C3EF6A16795CCD00F416E6 /* InfoPlist.strings */; };
		62C3EF6E16795CCD00F416E6 /* main.m in Sources */ = {isa = PBXBuildFile; fileRef = 62C3EF6D16795CCD00F416E6 /* main.m */; };
		62C3EF8C16795DC200F416E6 /* libSDL.a in Frameworks */ = {isa = PBXBuildFile; fileRef = 62C3EF8416795DC200F416E6 /* libSDL.a */; };
		62C3EF991679601D00F416E6 /* CoreAudio.framework in Frameworks */ = {isa = PBXBuildFile; fileRef = 62C3EF971679600800F416E6 /* CoreAudio.framework */; };
		62C3EF9A1679601D00F416E6 /* AudioToolbox.framework in Frameworks */ = {isa = PBXBuildFile; fileRef = 62C3EF9516795FF500F416E6 /* AudioToolbox.framework */; };
		62C3EF9B1679601D00F416E6 /* OpenGLES.framework in Frameworks */ = {isa = PBXBuildFile; fileRef = 62C3EF9316795FEA00F416E6 /* OpenGLES.framework */; };
		62C3EF9C1679601D00F416E6 /* libbz2.1.0.dylib in Frameworks */ = {isa = PBXBuildFile; fileRef = 62C3EF9116795FE000F416E6 /* libbz2.1.0.dylib */; };
		62C3EF9D1679601D00F416E6 /* libz.dylib in Frameworks */ = {isa = PBXBuildFile; fileRef = 62C3EF8F16795FD800F416E6 /* libz.dylib */; };
		62C3EFA0167969EF00F416E6 /* QuartzCore.framework in Frameworks */ = {isa = PBXBuildFile; fileRef = 62C3EF9E167969E800F416E6 /* QuartzCore.framework */; };
		62CC2A9A1682A2B100AC043A /* cmdutils.c in Sources */ = {isa = PBXBuildFile; fileRef = 62CC2A981682A2B100AC043A /* cmdutils.c */; };
		62CC2A9C1682AF4D00AC043A /* FSFFPLAYViewController.xib in Resources */ = {isa = PBXBuildFile; fileRef = 62CC2A9B1682AF4D00AC043A /* FSFFPLAYViewController.xib */; };
/* End PBXBuildFile section */

/* Begin PBXFileReference section */
		6229DFFB1726698B000A7E19 /* 2.mp4 */ = {isa = PBXFileReference; lastKnownFileType = file; name = 2.mp4; path = ../../../../Resource/presolveVideos/2.mp4; sourceTree = "<group>"; };
		62301AE8171E79540017AE20 /* 1.mp4 */ = {isa = PBXFileReference; lastKnownFileType = file; name = 1.mp4; path = ../../../../Resource/vedios/1.mp4; sourceTree = "<group>"; };
		62301AEA171E7FF30017AE20 /* libavcodec.a */ = {isa = PBXFileReference; lastKnownFileType = archive.ar; name = libavcodec.a; path = TestPlayWithFFMPEGAndSDL/includes/ffmpeg/libavcodec/libavcodec.a; sourceTree = SOURCE_ROOT; };
		62301AEC171E7FFE0017AE20 /* libavdevice.a */ = {isa = PBXFileReference; lastKnownFileType = archive.ar; name = libavdevice.a; path = TestPlayWithFFMPEGAndSDL/includes/ffmpeg/libavdevice/libavdevice.a; sourceTree = SOURCE_ROOT; };
		62301AEE171E802D0017AE20 /* libavformat.a */ = {isa = PBXFileReference; lastKnownFileType = archive.ar; name = libavformat.a; path = TestPlayWithFFMPEGAndSDL/includes/ffmpeg/libavformat/libavformat.a; sourceTree = SOURCE_ROOT; };
		62301AF0171E80600017AE20 /* libavutil.a */ = {isa = PBXFileReference; lastKnownFileType = archive.ar; name = libavutil.a; path = TestPlayWithFFMPEGAndSDL/includes/ffmpeg/libavutil/libavutil.a; sourceTree = SOURCE_ROOT; };
		62301AF2171E806C0017AE20 /* libswresample.a */ = {isa = PBXFileReference; lastKnownFileType = archive.ar; name = libswresample.a; path = TestPlayWithFFMPEGAndSDL/includes/ffmpeg/libswresample/libswresample.a; sourceTree = SOURCE_ROOT; };
		62301AF4171E80780017AE20 /* libswscale.a */ = {isa = PBXFileReference; lastKnownFileType = archive.ar; name = libswscale.a; path = TestPlayWithFFMPEGAndSDL/includes/ffmpeg/libswscale/libswscale.a; sourceTree = SOURCE_ROOT; };
		62301AF6171E80D60017AE20 /* libavfilter.a */ = {isa = PBXFileReference; lastKnownFileType = archive.ar; name = libavfilter.a; path = TestPlayWithFFMPEGAndSDL/includes/ffmpeg/libavfilter/libavfilter.a; sourceTree = SOURCE_ROOT; };
		6251FF471715296D00AED4EA /* KxMovieGLView.h */ = {isa = PBXFileReference; fileEncoding = 4; lastKnownFileType = sourcecode.c.h; path = KxMovieGLView.h; sourceTree = "<group>"; };
		6251FF481715296D00AED4EA /* KxMovieGLView.m */ = {isa = PBXFileReference; fileEncoding = 4; lastKnownFileType = sourcecode.c.objc; path = KxMovieGLView.m; sourceTree = "<group>"; };
		6251FF4A17152D8800AED4EA /* KxMovieDecoder.h */ = {isa = PBXFileReference; fileEncoding = 4; lastKnownFileType = sourcecode.c.h; path = KxMovieDecoder.h; sourceTree = "<group>"; };
		6251FF4B17152D8800AED4EA /* KxMovieDecoder.m */ = {isa = PBXFileReference; fileEncoding = 4; lastKnownFileType = sourcecode.c.objc; path = KxMovieDecoder.m; sourceTree = "<group>"; };
		62B259CF167AD2AD00594873 /* FSFFPLAYViewController.h */ = {isa = PBXFileReference; fileEncoding = 4; lastKnownFileType = sourcecode.c.h; path = FSFFPLAYViewController.h; sourceTree = "<group>"; };
		62B259D0167AD2AD00594873 /* FSFFPLAYViewController.m */ = {isa = PBXFileReference; fileEncoding = 4; lastKnownFileType = sourcecode.c.objc; path = FSFFPLAYViewController.m; sourceTree = "<group>"; };
		62B25A0D167B1D6B00594873 /* FSFFPLAYVideoPlayAppDelegate.h */ = {isa = PBXFileReference; fileEncoding = 4; lastKnownFileType = sourcecode.c.h; path = FSFFPLAYVideoPlayAppDelegate.h; sourceTree = "<group>"; };
		62B25A0E167B1D6B00594873 /* FSFFPLAYVideoPlayAppDelegate.m */ = {isa = PBXFileReference; fileEncoding = 4; lastKnownFileType = sourcecode.c.objc; path = FSFFPLAYVideoPlayAppDelegate.m; sourceTree = "<group>"; };
		62C3EF5D16795CCD00F416E6 /* TestPlayWithFFMPEGAndSDL.app */ = {isa = PBXFileReference; explicitFileType = wrapper.application; includeInIndex = 0; path = TestPlayWithFFMPEGAndSDL.app; sourceTree = BUILT_PRODUCTS_DIR; };
		62C3EF6116795CCD00F416E6 /* UIKit.framework */ = {isa = PBXFileReference; lastKnownFileType = wrapper.framework; name = UIKit.framework; path = System/Library/Frameworks/UIKit.framework; sourceTree = SDKROOT; };
		62C3EF6316795CCD00F416E6 /* Foundation.framework */ = {isa = PBXFileReference; lastKnownFileType = wrapper.framework; name = Foundation.framework; path = System/Library/Frameworks/Foundation.framework; sourceTree = SDKROOT; };
		62C3EF6516795CCD00F416E6 /* CoreGraphics.framework */ = {isa = PBXFileReference; lastKnownFileType = wrapper.framework; name = CoreGraphics.framework; path = System/Library/Frameworks/CoreGraphics.framework; sourceTree = SDKROOT; };
		62C3EF6916795CCD00F416E6 /* TestPlayWithFFMPEGAndSDL-Info.plist */ = {isa = PBXFileReference; lastKnownFileType = text.plist.xml; path = "TestPlayWithFFMPEGAndSDL-Info.plist"; sourceTree = "<group>"; };
		62C3EF6B16795CCD00F416E6 /* en */ = {isa = PBXFileReference; lastKnownFileType = text.plist.strings; name = en; path = en.lproj/InfoPlist.strings; sourceTree = "<group>"; };
		62C3EF6D16795CCD00F416E6 /* main.m */ = {isa = PBXFileReference; lastKnownFileType = sourcecode.c.objc; path = main.m; sourceTree = "<group>"; };
		62C3EF6F16795CCD00F416E6 /* TestPlayWithFFMPEGAndSDL-Prefix.pch */ = {isa = PBXFileReference; lastKnownFileType = sourcecode.c.h; path = "TestPlayWithFFMPEGAndSDL-Prefix.pch"; sourceTree = "<group>"; };
		62C3EF8416795DC200F416E6 /* libSDL.a */ = {isa = PBXFileReference; lastKnownFileType = archive.ar; path = libSDL.a; sourceTree = "<group>"; };
		62C3EF8F16795FD800F416E6 /* libz.dylib */ = {isa = PBXFileReference; lastKnownFileType = "compiled.mach-o.dylib"; name = libz.dylib; path = usr/lib/libz.dylib; sourceTree = SDKROOT; };
		62C3EF9116795FE000F416E6 /* libbz2.1.0.dylib */ = {isa = PBXFileReference; lastKnownFileType = "compiled.mach-o.dylib"; name = libbz2.1.0.dylib; path = usr/lib/libbz2.1.0.dylib; sourceTree = SDKROOT; };
		62C3EF9316795FEA00F416E6 /* OpenGLES.framework */ = {isa = PBXFileReference; lastKnownFileType = wrapper.framework; name = OpenGLES.framework; path = System/Library/Frameworks/OpenGLES.framework; sourceTree = SDKROOT; };
		62C3EF9516795FF500F416E6 /* AudioToolbox.framework */ = {isa = PBXFileReference; lastKnownFileType = wrapper.framework; name = AudioToolbox.framework; path = System/Library/Frameworks/AudioToolbox.framework; sourceTree = SDKROOT; };
		62C3EF971679600800F416E6 /* CoreAudio.framework */ = {isa = PBXFileReference; lastKnownFileType = wrapper.framework; name = CoreAudio.framework; path = System/Library/Frameworks/CoreAudio.framework; sourceTree = SDKROOT; };
		62C3EF9E167969E800F416E6 /* QuartzCore.framework */ = {isa = PBXFileReference; lastKnownFileType = wrapper.framework; name = QuartzCore.framework; path = System/Library/Frameworks/QuartzCore.framework; sourceTree = SDKROOT; };
		62CC2A981682A2B100AC043A /* cmdutils.c */ = {isa = PBXFileReference; fileEncoding = 4; lastKnownFileType = sourcecode.c.c; path = cmdutils.c; sourceTree = "<group>"; };
		62CC2A991682A2B100AC043A /* cmdutils.h */ = {isa = PBXFileReference; fileEncoding = 4; lastKnownFileType = sourcecode.c.h; path = cmdutils.h; sourceTree = "<group>"; };
		62CC2A9B1682AF4D00AC043A /* FSFFPLAYViewController.xib */ = {isa = PBXFileReference; fileEncoding = 4; lastKnownFileType = file.xib; path = FSFFPLAYViewController.xib; sourceTree = "<group>"; };
/* End PBXFileReference section */

/* Begin PBXFrameworksBuildPhase section */
		62C3EF5A16795CCD00F416E6 /* Frameworks */ = {
			isa = PBXFrameworksBuildPhase;
			buildActionMask = 2147483647;
			files = (
				62C3EF8C16795DC200F416E6 /* libSDL.a in Frameworks */,
				62C3EF991679601D00F416E6 /* CoreAudio.framework in Frameworks */,
				62C3EF9A1679601D00F416E6 /* AudioToolbox.framework in Frameworks */,
				62C3EF9B1679601D00F416E6 /* OpenGLES.framework in Frameworks */,
				62C3EF9C1679601D00F416E6 /* libbz2.1.0.dylib in Frameworks */,
				62C3EF9D1679601D00F416E6 /* libz.dylib in Frameworks */,
				62C3EF6216795CCD00F416E6 /* UIKit.framework in Frameworks */,
				62C3EF6416795CCD00F416E6 /* Foundation.framework in Frameworks */,
				62C3EF6616795CCD00F416E6 /* CoreGraphics.framework in Frameworks */,
				62C3EFA0167969EF00F416E6 /* QuartzCore.framework in Frameworks */,
				62301AEB171E7FF30017AE20 /* libavcodec.a in Frameworks */,
				62301AED171E7FFE0017AE20 /* libavdevice.a in Frameworks */,
				62301AEF171E802D0017AE20 /* libavformat.a in Frameworks */,
				62301AF1171E80600017AE20 /* libavutil.a in Frameworks */,
				62301AF3171E806C0017AE20 /* libswresample.a in Frameworks */,
				62301AF5171E80780017AE20 /* libswscale.a in Frameworks */,
				62301AF7171E80D60017AE20 /* libavfilter.a in Frameworks */,
			);
			runOnlyForDeploymentPostprocessing = 0;
		};
/* End PBXFrameworksBuildPhase section */

/* Begin PBXGroup section */
		62B259D5167B002300594873 /* ffmpegclasses */ = {
			isa = PBXGroup;
			children = (
				62CC2A981682A2B100AC043A /* cmdutils.c */,
				62CC2A991682A2B100AC043A /* cmdutils.h */,
			);
			path = ffmpegclasses;
			sourceTree = "<group>";
		};
		62C3EF5216795CCC00F416E6 = {
			isa = PBXGroup;
			children = (
				62C3EF6716795CCD00F416E6 /* TestPlayWithFFMPEGAndSDL */,
				62C3EF6016795CCD00F416E6 /* Frameworks */,
				62C3EF5E16795CCD00F416E6 /* Products */,
			);
			sourceTree = "<group>";
		};
		62C3EF5E16795CCD00F416E6 /* Products */ = {
			isa = PBXGroup;
			children = (
				62C3EF5D16795CCD00F416E6 /* TestPlayWithFFMPEGAndSDL.app */,
			);
			name = Products;
			sourceTree = "<group>";
		};
		62C3EF6016795CCD00F416E6 /* Frameworks */ = {
			isa = PBXGroup;
			children = (
				62C3EF9E167969E800F416E6 /* QuartzCore.framework */,
				62C3EF971679600800F416E6 /* CoreAudio.framework */,
				62C3EF9516795FF500F416E6 /* AudioToolbox.framework */,
				62C3EF9316795FEA00F416E6 /* OpenGLES.framework */,
				62C3EF9116795FE000F416E6 /* libbz2.1.0.dylib */,
				62C3EF8F16795FD800F416E6 /* libz.dylib */,
				62C3EF6116795CCD00F416E6 /* UIKit.framework */,
				62C3EF6316795CCD00F416E6 /* Foundation.framework */,
				62C3EF6516795CCD00F416E6 /* CoreGraphics.framework */,
			);
			name = Frameworks;
			sourceTree = "<group>";
		};
		62C3EF6716795CCD00F416E6 /* TestPlayWithFFMPEGAndSDL */ = {
			isa = PBXGroup;
			children = (
				62B25A0D167B1D6B00594873 /* FSFFPLAYVideoPlayAppDelegate.h */,
				62B25A0E167B1D6B00594873 /* FSFFPLAYVideoPlayAppDelegate.m */,
				62B259CF167AD2AD00594873 /* FSFFPLAYViewController.h */,
				62B259D0167AD2AD00594873 /* FSFFPLAYViewController.m */,
				62CC2A9B1682AF4D00AC043A /* FSFFPLAYViewController.xib */,
				6251FF471715296D00AED4EA /* KxMovieGLView.h */,
				6251FF481715296D00AED4EA /* KxMovieGLView.m */,
				6251FF4A17152D8800AED4EA /* KxMovieDecoder.h */,
				6251FF4B17152D8800AED4EA /* KxMovieDecoder.m */,
				62B259D5167B002300594873 /* ffmpegclasses */,
				62C3EF7E16795DC200F416E6 /* libs */,
				62C3EF6816795CCD00F416E6 /* Supporting Files */,
			);
			path = TestPlayWithFFMPEGAndSDL;
			sourceTree = "<group>";
		};
		62C3EF6816795CCD00F416E6 /* Supporting Files */ = {
			isa = PBXGroup;
			children = (
				6229DFFB1726698B000A7E19 /* 2.mp4 */,
				62301AE8171E79540017AE20 /* 1.mp4 */,
				62C3EF6916795CCD00F416E6 /* TestPlayWithFFMPEGAndSDL-Info.plist */,
				62C3EF6A16795CCD00F416E6 /* InfoPlist.strings */,
				62C3EF6D16795CCD00F416E6 /* main.m */,
				62C3EF6F16795CCD00F416E6 /* TestPlayWithFFMPEGAndSDL-Prefix.pch */,
			);
			name = "Supporting Files";
			sourceTree = "<group>";
		};
		62C3EF7E16795DC200F416E6 /* libs */ = {
			isa = PBXGroup;
			children = (
				62301AEC171E7FFE0017AE20 /* libavdevice.a */,
				62301AEA171E7FF30017AE20 /* libavcodec.a */,
				62301AEE171E802D0017AE20 /* libavformat.a */,
				62301AF0171E80600017AE20 /* libavutil.a */,
				62301AF2171E806C0017AE20 /* libswresample.a */,
				62301AF4171E80780017AE20 /* libswscale.a */,
				62301AF6171E80D60017AE20 /* libavfilter.a */,
				62C3EF8416795DC200F416E6 /* libSDL.a */,
			);
			path = libs;
			sourceTree = "<group>";
		};
/* End PBXGroup section */

/* Begin PBXNativeTarget section */
		62C3EF5C16795CCD00F416E6 /* TestPlayWithFFMPEGAndSDL */ = {
			isa = PBXNativeTarget;
			buildConfigurationList = 62C3EF7B16795CCD00F416E6 /* Build configuration list for PBXNativeTarget "TestPlayWithFFMPEGAndSDL" */;
			buildPhases = (
				62C3EF5916795CCD00F416E6 /* Sources */,
				62C3EF5A16795CCD00F416E6 /* Frameworks */,
				62C3EF5B16795CCD00F416E6 /* Resources */,
			);
			buildRules = (
			);
			dependencies = (
			);
			name = TestPlayWithFFMPEGAndSDL;
			productName = TestPlayWithFFMPEGAndSDL;
			productReference = 62C3EF5D16795CCD00F416E6 /* TestPlayWithFFMPEGAndSDL.app */;
			productType = "com.apple.product-type.application";
		};
/* End PBXNativeTarget section */

/* Begin PBXProject section */
		62C3EF5416795CCC00F416E6 /* Project object */ = {
			isa = PBXProject;
			attributes = {
				LastUpgradeCheck = 0420;
			};
			buildConfigurationList = 62C3EF5716795CCC00F416E6 /* Build configuration list for PBXProject "TestPlayWithFFMPEGAndSDL" */;
			compatibilityVersion = "Xcode 3.2";
			developmentRegion = English;
			hasScannedForEncodings = 0;
			knownRegions = (
				en,
			);
			mainGroup = 62C3EF5216795CCC00F416E6;
			productRefGroup = 62C3EF5E16795CCD00F416E6 /* Products */;
			projectDirPath = "";
			projectRoot = "";
			targets = (
				62C3EF5C16795CCD00F416E6 /* TestPlayWithFFMPEGAndSDL */,
			);
		};
/* End PBXProject section */

/* Begin PBXResourcesBuildPhase section */
		62C3EF5B16795CCD00F416E6 /* Resources */ = {
			isa = PBXResourcesBuildPhase;
			buildActionMask = 2147483647;
			files = (
				62C3EF6C16795CCD00F416E6 /* InfoPlist.strings in Resources */,
				62CC2A9C1682AF4D00AC043A /* FSFFPLAYViewController.xib in Resources */,
				62301AE9171E79540017AE20 /* 1.mp4 in Resources */,
				6229DFFC1726698B000A7E19 /* 2.mp4 in Resources */,
			);
			runOnlyForDeploymentPostprocessing = 0;
		};
/* End PBXResourcesBuildPhase section */

/* Begin PBXSourcesBuildPhase section */
		62C3EF5916795CCD00F416E6 /* Sources */ = {
			isa = PBXSourcesBuildPhase;
			buildActionMask = 2147483647;
			files = (
				62C3EF6E16795CCD00F416E6 /* main.m in Sources */,
				62B259D2167AD2AD00594873 /* FSFFPLAYViewController.m in Sources */,
				62B25A11167B1D6B00594873 /* FSFFPLAYVideoPlayAppDelegate.m in Sources */,
				62CC2A9A1682A2B100AC043A /* cmdutils.c in Sources */,
				6251FF491715296D00AED4EA /* KxMovieGLView.m in Sources */,
				6251FF4C17152D8800AED4EA /* KxMovieDecoder.m in Sources */,
			);
			runOnlyForDeploymentPostprocessing = 0;
		};
/* End PBXSourcesBuildPhase section */

/* Begin PBXVariantGroup section */
		62C3EF6A16795CCD00F416E6 /* InfoPlist.strings */ = {
			isa = PBXVariantGroup;
			children = (
				62C3EF6B16795CCD00F416E6 /* en */,
			);
			name = InfoPlist.strings;
			sourceTree = "<group>";
		};
/* End PBXVariantGroup section */

/* Begin XCBuildConfiguration section */
		62C3EF7916795CCD00F416E6 /* Debug */ = {
			isa = XCBuildConfiguration;
			buildSettings = {
				ALWAYS_SEARCH_USER_PATHS = NO;
				ARCHS = "$(ARCHS_STANDARD_32_BIT)";
				CODE_SIGN_IDENTITY = "";
				"CODE_SIGN_IDENTITY[sdk=iphoneos*]" = "";
				COPY_PHASE_STRIP = NO;
				GCC_C_LANGUAGE_STANDARD = gnu99;
				GCC_DYNAMIC_NO_PIC = NO;
				GCC_OPTIMIZATION_LEVEL = 0;
				GCC_PREPROCESSOR_DEFINITIONS = (
					"DEBUG=1",
					"$(inherited)",
				);
				GCC_SYMBOLS_PRIVATE_EXTERN = NO;
				GCC_VERSION = com.apple.compilers.llvm.clang.1_0;
				GCC_WARN_ABOUT_MISSING_PROTOTYPES = YES;
				GCC_WARN_ABOUT_RETURN_TYPE = YES;
				GCC_WARN_UNUSED_VARIABLE = YES;
				IPHONEOS_DEPLOYMENT_TARGET = 5.0;
				SDKROOT = iphoneos;
			};
			name = Debug;
		};
		62C3EF7A16795CCD00F416E6 /* Release */ = {
			isa = XCBuildConfiguration;
			buildSettings = {
				ALWAYS_SEARCH_USER_PATHS = NO;
				ARCHS = "$(ARCHS_STANDARD_32_BIT)";
				CODE_SIGN_IDENTITY = "";
				"CODE_SIGN_IDENTITY[sdk=iphoneos*]" = "";
				COPY_PHASE_STRIP = YES;
				GCC_C_LANGUAGE_STANDARD = gnu99;
				GCC_VERSION = com.apple.compilers.llvm.clang.1_0;
				GCC_WARN_ABOUT_MISSING_PROTOTYPES = YES;
				GCC_WARN_ABOUT_RETURN_TYPE = YES;
				GCC_WARN_UNUSED_VARIABLE = YES;
				IPHONEOS_DEPLOYMENT_TARGET = 5.0;
				OTHER_CFLAGS = "-DNS_BLOCK_ASSERTIONS=1";
				SDKROOT = iphoneos;
				VALIDATE_PRODUCT = YES;
			};
			name = Release;
		};
		62C3EF7C16795CCD00F416E6 /* Debug */ = {
			isa = XCBuildConfiguration;
			buildSettings = {
				ARCHS = armv7;
				CODE_SIGN_IDENTITY = "";
				"CODE_SIGN_IDENTITY[sdk=iphoneos*]" = "iPhone Developer: lantao fang (JJ5J8YCWQ8)";
				GCC_PRECOMPILE_PREFIX_HEADER = YES;
				GCC_PREFIX_HEADER = "TestPlayWithFFMPEGAndSDL/TestPlayWithFFMPEGAndSDL-Prefix.pch";
				GCC_VERSION = "";
				HEADER_SEARCH_PATHS = (
					"$(inherited)",
					"\"$(SRCROOT)/TestPlayWithFFMPEGAndSDL/includes/ffmpeg\"",
					"\"$(SRCROOT)/TestPlayWithFFMPEGAndSDL/includes/SDL/src\"",
					"\"$(SRCROOT)/TestPlayWithFFMPEGAndSDL/includes/SDL/include\"",
				);
				INFOPLIST_FILE = "TestPlayWithFFMPEGAndSDL/TestPlayWithFFMPEGAndSDL-Info.plist";
				IPHONEOS_DEPLOYMENT_TARGET = 5.0;
				LIBRARY_SEARCH_PATHS = (
					"$(inherited)",
					"\"$(SRCROOT)/TestPlayWithFFMPEGAndSDL/libs\"",
					"\"$(SRCROOT)/TestPlayWithFFMPEGAndSDL/includes/ffmpeg/libavcodec\"",
					"\"$(SRCROOT)/TestPlayWithFFMPEGAndSDL/includes/ffmpeg/libavdevice\"",
					"\"$(SRCROOT)/TestPlayWithFFMPEGAndSDL/includes/ffmpeg/libavformat\"",
					"\"$(SRCROOT)/TestPlayWithFFMPEGAndSDL/includes/ffmpeg/libavutil\"",
					"\"$(SRCROOT)/TestPlayWithFFMPEGAndSDL/includes/ffmpeg/libswresample\"",
					"\"$(SRCROOT)/TestPlayWithFFMPEGAndSDL/includes/ffmpeg/libswscale\"",
					"\"$(SRCROOT)/TestPlayWithFFMPEGAndSDL/includes/ffmpeg/libavfilter\"",
				);
				PRODUCT_NAME = "$(TARGET_NAME)";
				"PROVISIONING_PROFILE[sdk=iphoneos*]" = "A99DFEDB-0E91-4729-B9B4-23933304165F";
				TARGETED_DEVICE_FAMILY = "1,2";
				VALID_ARCHS = armv7;
				WRAPPER_EXTENSION = app;
			};
			name = Debug;
		};
		62C3EF7D16795CCD00F416E6 /* Release */ = {
			isa = XCBuildConfiguration;
			buildSettings = {
				ARCHS = armv7;
				CODE_SIGN_IDENTITY = "";
				"CODE_SIGN_IDENTITY[sdk=iphoneos*]" = "";
				GCC_PRECOMPILE_PREFIX_HEADER = YES;
				GCC_PREFIX_HEADER = "TestPlayWithFFMPEGAndSDL/TestPlayWithFFMPEGAndSDL-Prefix.pch";
				GCC_VERSION = "";
				HEADER_SEARCH_PATHS = (
					"$(inherited)",
					"\"$(SRCROOT)/TestPlayWithFFMPEGAndSDL/includes/ffmpeg\"",
					"\"$(SRCROOT)/TestPlayWithFFMPEGAndSDL/includes/SDL/src\"",
					"\"$(SRCROOT)/TestPlayWithFFMPEGAndSDL/includes/SDL/include\"",
				);
				INFOPLIST_FILE = "TestPlayWithFFMPEGAndSDL/TestPlayWithFFMPEGAndSDL-Info.plist";
				IPHONEOS_DEPLOYMENT_TARGET = 5.0;
				LIBRARY_SEARCH_PATHS = (
					"$(inherited)",
					"\"$(SRCROOT)/TestPlayWithFFMPEGAndSDL/libs\"",
					"\"$(SRCROOT)/TestPlayWithFFMPEGAndSDL/includes/ffmpeg/libavcodec\"",
					"\"$(SRCROOT)/TestPlayWithFFMPEGAndSDL/includes/ffmpeg/libavdevice\"",
					"\"$(SRCROOT)/TestPlayWithFFMPEGAndSDL/includes/ffmpeg/libavformat\"",
					"\"$(SRCROOT)/TestPlayWithFFMPEGAndSDL/includes/ffmpeg/libavutil\"",
					"\"$(SRCROOT)/TestPlayWithFFMPEGAndSDL/includes/ffmpeg/libswresample\"",
					"\"$(SRCROOT)/TestPlayWithFFMPEGAndSDL/includes/ffmpeg/libswscale\"",
					"\"$(SRCROOT)/TestPlayWithFFMPEGAndSDL/includes/ffmpeg/libavfilter\"",
				);
				PRODUCT_NAME = "$(TARGET_NAME)";
				TARGETED_DEVICE_FAMILY = "1,2";
				VALID_ARCHS = armv7;
				WRAPPER_EXTENSION = app;
			};
			name = Release;
		};
/* End XCBuildConfiguration section */

/* Begin XCConfigurationList section */
		62C3EF5716795CCC00F416E6 /* Build configuration list for PBXProject "TestPlayWithFFMPEGAndSDL" */ = {
			isa = XCConfigurationList;
			buildConfigurations = (
				62C3EF7916795CCD00F416E6 /* Debug */,
				62C3EF7A16795CCD00F416E6 /* Release */,
			);
			defaultConfigurationIsVisible = 0;
			defaultConfigurationName = Release;
		};
		62C3EF7B16795CCD00F416E6 /* Build configuration list for PBXNativeTarget "TestPlayWithFFMPEGAndSDL" */ = {
			isa = XCConfigurationList;
			buildConfigurations = (
				62C3EF7C16795CCD00F416E6 /* Debug */,
				62C3EF7D16795CCD00F416E6 /* Release */,
			);
			defaultConfigurationIsVisible = 0;
			defaultConfigurationName = Release;
		};
/* End XCConfigurationList section */
	};
	rootObject = 62C3EF5416795CCC00F416E6 /* Project object */;
}
